
Microsoft Visual Studio Solution File, Format Version 12.00
# Visual Studio Version 17
VisualStudioVersion = 17.14.36908.2 d17.14
MinimumVisualStudioVersion = 10.0.40219.1
Project("{2150E333-8FDC-42A3-9474-1A3956D46DE8}") = "Task0", "Task0", "{02EA681E-C7D8-13C7-8484-4AC65E1B71E8}"
EndProject
Project("{FAE04EC0-301F-11D3-BF4B-00C04F79EFBC}") = "Tyuiu.Rahim.Sprint2.Task0.V7", "Tyuiu.Rahim.Sprint2.Task0.V7\Tyuiu.Rahim.Sprint2.Task0.V7.csproj", "{10B34017-FC2B-456E-B3F2-EF5BBED38208}"
EndProject
Project("{FAE04EC0-301F-11D3-BF4B-00C04F79EFBC}") = "Tyuiu.Rahim.Sprint2.Task0.V7.Lib", "Tyuiu.Rahim.Sprint2.Task0.V7.Lib\Tyuiu.Rahim.Sprint2.Task0.V7.Lib.csproj", "{45A41304-11EB-4A33-9168-77A0E11E588A}"
EndProject
Project("{FAE04EC0-301F-11D3-BF4B-00C04F79EFBC}") = "Tyuiu.Rahim.Sprint2.Task0.V7.Test", "Tyuiu.Rahim.Sprint2.Task0.V7.Test\Tyuiu.Rahim.Sprint2.Task0.V7.Test.csproj", "{7381321B-3098-43A5-A44E-B78A74C72870}"
EndProject
Project("{2150E333-8FDC-42A3-9474-1A3956D46DE8}") = "Task1", "Task1", "{F3748B46-A1D2-42E2-A45B-5C8F15D02BBC}"
EndProject
Project("{FAE04EC0-301F-11D3-BF4B-00C04F79EFBC}") = "Tyuiu.Rahim.Sprint2.Task1.V7", "Tyuiu.Rahim.Sprint2.Task1.V7\Tyuiu.Rahim.Sprint2.Task1.V7.csproj", "{03521F3E-CDD8-4D16-9410-5F424DD4FD0C}"
EndProject
Project("{FAE04EC0-301F-11D3-BF4B-00C04F79EFBC}") = "Tyuiu.Rahim.Sprint2.Task1.V7.Test", "Tyuiu.Rahim.Sprint2.Task1.V7.Test\Tyuiu.Rahim.Sprint2.Task1.V7.Test.csproj", "{68CE91F7-8BFB-4802-98A9-7627F0836612}"
EndProject
Project("{FAE04EC0-301F-11D3-BF4B-00C04F79EFBC}") = "Tyuiu.Rahim.Sprint2.Task1.V7.Lib", "Tyuiu.Rahim.Sprint2.Task1.V7.Lib\Tyuiu.Rahim.Sprint2.Task1.V7.Lib.csproj", "{E76CA89C-330B-4C61-9E31-D4664105454C}"
EndProject
Global
	GlobalSection(SolutionConfigurationPlatforms) = preSolution
		Debug|Any CPU = Debug|Any CPU
		Release|Any CPU = Release|Any CPU
	EndGlobalSection
	GlobalSection(ProjectConfigurationPlatforms) = postSolution
		{10B34017-FC2B-456E-B3F2-EF5BBED38208}.Debug|Any CPU.ActiveCfg = Debug|Any CPU
		{10B34017-FC2B-456E-B3F2-EF5BBED38208}.Debug|Any CPU.Build.0 = Debug|Any CPU
		{10B34017-FC2B-456E-B3F2-EF5BBED38208}.Release|Any CPU.ActiveCfg = Release|Any CPU
		{10B34017-FC2B-456E-B3F2-EF5BBED38208}.Release|Any CPU.Build.0 = Release|Any CPU
		{45A41304-11EB-4A33-9168-77A0E11E588A}.Debug|Any CPU.ActiveCfg = Debug|Any CPU
		{45A41304-11EB-4A33-9168-77A0E11E588A}.Debug|Any CPU.Build.0 = Debug|Any CPU
		{45A41304-11EB-4A33-9168-77A0E11E588A}.Release|Any CPU.ActiveCfg = Release|Any CPU
		{45A41304-11EB-4A33-9168-77A0E11E588A}.Release|Any CPU.Build.0 = Release|Any CPU
		{7381321B-3098-43A5-A44E-B78A74C72870}.Debug|Any CPU.ActiveCfg = Debug|Any CPU
		{7381321B-3098-43A5-A44E-B78A74C72870}.Debug|Any CPU.Build.0 = Debug|Any CPU
		{7381321B-3098-43A5-A44E-B78A74C72870}.Release|Any CPU.ActiveCfg = Release|Any CPU
		{7381321B-3098-43A5-A44E-B78A74C72870}.Release|Any CPU.Build.0 = Release|Any CPU
		{03521F3E-CDD8-4D16-9410-5F424DD4FD0C}.Debug|Any CPU.ActiveCfg = Debug|Any CPU
		{03521F3E-CDD8-4D16-9410-5F424DD4FD0C}.Debug|Any CPU.Build.0 = Debug|Any CPU
		{03521F3E-CDD8-4D16-9410-5F424DD4FD0C}.Release|Any CPU.ActiveCfg = Release|Any CPU
		{03521F3E-CDD8-4D16-9410-5F424DD4FD0C}.Release|Any CPU.Build.0 = Release|Any CPU
		{68CE91F7-8BFB-4802-98A9-7627F0836612}.Debug|Any CPU.ActiveCfg = Debug|Any CPU
		{68CE91F7-8BFB-4802-98A9-7627F0836612}.Debug|Any CPU.Build.0 = Debug|Any CPU
		{68CE91F7-8BFB-4802-98A9-7627F0836612}.Release|Any CPU.ActiveCfg = Release|Any CPU
		{68CE91F7-8BFB-4802-98A9-7627F0836612}.Release|Any CPU.Build.0 = Release|Any CPU
		{E76CA89C-330B-4C61-9E31-D4664105454C}.Debug|Any CPU.ActiveCfg = Debug|Any CPU
		{E76CA89C-330B-4C61-9E31-D4664105454C}.Debug|Any CPU.Build.0 = Debug|Any CPU
		{E76CA89C-330B-4C61-9E31-D4664105454C}.Release|Any CPU.ActiveCfg = Release|Any CPU
		{E76CA89C-330B-4C61-9E31-D4664105454C}.Release|Any CPU.Build.0 = Release|Any CPU
	EndGlobalSection
	GlobalSection(SolutionProperties) = preSolution
		HideSolutionNode = FALSE
	EndGlobalSection
	GlobalSection(NestedProjects) = preSolution
		{10B34017-FC2B-456E-B3F2-EF5BBED38208} = {02EA681E-C7D8-13C7-8484-4AC65E1B71E8}
		{45A41304-11EB-4A33-9168-77A0E11E588A} = {02EA681E-C7D8-13C7-8484-4AC65E1B71E8}
		{7381321B-3098-43A5-A44E-B78A74C72870} = {02EA681E-C7D8-13C7-8484-4AC65E1B71E8}
		{03521F3E-CDD8-4D16-9410-5F424DD4FD0C} = {F3748B46-A1D2-42E2-A45B-5C8F15D02BBC}
		{68CE91F7-8BFB-4802-98A9-7627F0836612} = {F3748B46-A1D2-42E2-A45B-5C8F15D02BBC}
		{E76CA89C-330B-4C61-9E31-D4664105454C} = {F3748B46-A1D2-42E2-A45B-5C8F15D02BBC}
	EndGlobalSection
	GlobalSection(ExtensibilityGlobals) = postSolution
		SolutionGuid = {49509928-EC1E-4B8A-8003-B2331D574AC1}
	EndGlobalSection
EndGlobal
